
Microsoft Visual Studio Solution File, Format Version 12.00
# Visual Studio Version 16
VisualStudioVersion = 16.0.28516.95
MinimumVisualStudioVersion = 10.0.40219.1
Project("{9A19103F-16F7-4668-BE54-9A1E7A4F7556}") = "Mono.Cecil", "Mono.Cecil.csproj", "{16C3FA32-4775-497F-8794-DD5AF13CFE22}"
EndProject
Project("{9A19103F-16F7-4668-BE54-9A1E7A4F7556}") = "Mono.Cecil.Pdb", "symbols\pdb\Mono.Cecil.Pdb.csproj", "{4D22D51C-4230-46AF-8657-4FD757D9C8BC}"
EndProject
Project("{9A19103F-16F7-4668-BE54-9A1E7A4F7556}") = "Mono.Cecil.Mdb", "symbols\mdb\Mono.Cecil.Mdb.csproj", "{5A5F84B1-DD1A-4134-932C-C3AF5BDAD391}"
EndProject
Project("{FAE04EC0-301F-11D3-BF4B-00C04F79EFBC}") = "ExampleDLL", "ExampleDLL\ExampleDLL.csproj", "{D701D519-DFCD-42F7-BAAA-E76481A60443}"
EndProject
Project("{FAE04EC0-301F-11D3-BF4B-00C04F79EFBC}") = "ILCore", "ILCore\ILCore.csproj", "{9E15669D-5808-4D82-84E4-F846525CAC7B}"
EndProject
Global
	GlobalSection(SolutionConfigurationPlatforms) = preSolution
		Debug|Any CPU = Debug|Any CPU
		Release|Any CPU = Release|Any CPU
	EndGlobalSection
	GlobalSection(ProjectConfigurationPlatforms) = postSolution
		{16C3FA32-4775-497F-8794-DD5AF13CFE22}.Debug|Any CPU.ActiveCfg = Debug|Any CPU
		{16C3FA32-4775-497F-8794-DD5AF13CFE22}.Debug|Any CPU.Build.0 = Debug|Any CPU
		{16C3FA32-4775-497F-8794-DD5AF13CFE22}.Release|Any CPU.ActiveCfg = Release|Any CPU
		{16C3FA32-4775-497F-8794-DD5AF13CFE22}.Release|Any CPU.Build.0 = Release|Any CPU
		{4D22D51C-4230-46AF-8657-4FD757D9C8BC}.Debug|Any CPU.ActiveCfg = Debug|Any CPU
		{4D22D51C-4230-46AF-8657-4FD757D9C8BC}.Debug|Any CPU.Build.0 = Debug|Any CPU
		{4D22D51C-4230-46AF-8657-4FD757D9C8BC}.Release|Any CPU.ActiveCfg = Release|Any CPU
		{4D22D51C-4230-46AF-8657-4FD757D9C8BC}.Release|Any CPU.Build.0 = Release|Any CPU
		{5A5F84B1-DD1A-4134-932C-C3AF5BDAD391}.Debug|Any CPU.ActiveCfg = Debug|Any CPU
		{5A5F84B1-DD1A-4134-932C-C3AF5BDAD391}.Debug|Any CPU.Build.0 = Debug|Any CPU
		{5A5F84B1-DD1A-4134-932C-C3AF5BDAD391}.Release|Any CPU.ActiveCfg = Release|Any CPU
		{5A5F84B1-DD1A-4134-932C-C3AF5BDAD391}.Release|Any CPU.Build.0 = Release|Any CPU
		{D701D519-DFCD-42F7-BAAA-E76481A60443}.Debug|Any CPU.ActiveCfg = Debug|Any CPU
		{D701D519-DFCD-42F7-BAAA-E76481A60443}.Debug|Any CPU.Build.0 = Debug|Any CPU
		{D701D519-DFCD-42F7-BAAA-E76481A60443}.Release|Any CPU.ActiveCfg = Release|Any CPU
		{D701D519-DFCD-42F7-BAAA-E76481A60443}.Release|Any CPU.Build.0 = Release|Any CPU
		{9E15669D-5808-4D82-84E4-F846525CAC7B}.Debug|Any CPU.ActiveCfg = Debug|Any CPU
		{9E15669D-5808-4D82-84E4-F846525CAC7B}.Debug|Any CPU.Build.0 = Debug|Any CPU
		{9E15669D-5808-4D82-84E4-F846525CAC7B}.Release|Any CPU.ActiveCfg = Release|Any CPU
		{9E15669D-5808-4D82-84E4-F846525CAC7B}.Release|Any CPU.Build.0 = Release|Any CPU
	EndGlobalSection
	GlobalSection(SolutionProperties) = preSolution
		HideSolutionNode = FALSE
	EndGlobalSection
	GlobalSection(ExtensibilityGlobals) = postSolution
		SolutionGuid = {97A7013A-E1DE-4D11-93C5-212D0A7E85C9}
	EndGlobalSection
EndGlobal
